
Microsoft Visual Studio Solution File, Format Version 12.00
# Visual Studio Version 16
VisualStudioVersion = 16.0.32002.261
MinimumVisualStudioVersion = 10.0.40219.1
Project("{FAE04EC0-301F-11D3-BF4B-00C04F79EFBC}") = "CDTRacker", "CDTRacker\CDTRacker.csproj", "{356B68E5-4835-42F6-9F20-7F7007FA8FEC}"
EndProject
Global
	GlobalSection(SolutionConfigurationPlatforms) = preSolution
		Debug|Any CPU = Debug|Any CPU
		Release|Any CPU = Release|Any CPU
	EndGlobalSection
	GlobalSection(ProjectConfigurationPlatforms) = postSolution
		{356B68E5-4835-42F6-9F20-7F7007FA8FEC}.Debug|Any CPU.ActiveCfg = Debug|Any CPU
		{356B68E5-4835-42F6-9F20-7F7007FA8FEC}.Debug|Any CPU.Build.0 = Debug|Any CPU
		{356B68E5-4835-42F6-9F20-7F7007FA8FEC}.Release|Any CPU.ActiveCfg = Release|Any CPU
		{356B68E5-4835-42F6-9F20-7F7007FA8FEC}.Release|Any CPU.Build.0 = Release|Any CPU
	EndGlobalSection
	GlobalSection(SolutionProperties) = preSolution
		HideSolutionNode = FALSE
	EndGlobalSection
	GlobalSection(ExtensibilityGlobals) = postSolution
		SolutionGuid = {A735AD78-705E-4087-B850-A412366C74A7}
	EndGlobalSection
EndGlobal
